
Microsoft Visual Studio Solution File, Format Version 12.00
# Visual Studio Version 17
VisualStudioVersion = 17.0.31903.59
MinimumVisualStudioVersion = 10.0.40219.1
Project("{FAE04EC0-301F-11D3-BF4B-00C04F79EFBC}") = "Core", "Core\Core.csproj", "{AD22BA35-87BE-4CA8-BA41-555200DD30BD}"
EndProject
Project("{FAE04EC0-301F-11D3-BF4B-00C04F79EFBC}") = "Infrastructure", "Infrastructure\Infrastructure.csproj", "{67FAFFE7-9F57-442A-8A83-D85DC8FE97A0}"
EndProject
Project("{FAE04EC0-301F-11D3-BF4B-00C04F79EFBC}") = "API", "API\API.csproj", "{01506385-3E7F-4791-9798-BAE054B010E3}"
EndProject
Project("{FAE04EC0-301F-11D3-BF4B-00C04F79EFBC}") = "Tests", "Tests\Tests.csproj", "{712A00D2-374A-4D3F-BFED-65285283668E}"
EndProject
Global
	GlobalSection(SolutionConfigurationPlatforms) = preSolution
		Debug|Any CPU = Debug|Any CPU
		Release|Any CPU = Release|Any CPU
	EndGlobalSection
	GlobalSection(SolutionProperties) = preSolution
		HideSolutionNode = FALSE
	EndGlobalSection
	GlobalSection(ProjectConfigurationPlatforms) = postSolution
		{AD22BA35-87BE-4CA8-BA41-555200DD30BD}.Debug|Any CPU.ActiveCfg = Debug|Any CPU
		{AD22BA35-87BE-4CA8-BA41-555200DD30BD}.Debug|Any CPU.Build.0 = Debug|Any CPU
		{AD22BA35-87BE-4CA8-BA41-555200DD30BD}.Release|Any CPU.ActiveCfg = Release|Any CPU
		{AD22BA35-87BE-4CA8-BA41-555200DD30BD}.Release|Any CPU.Build.0 = Release|Any CPU
		{67FAFFE7-9F57-442A-8A83-D85DC8FE97A0}.Debug|Any CPU.ActiveCfg = Debug|Any CPU
		{67FAFFE7-9F57-442A-8A83-D85DC8FE97A0}.Debug|Any CPU.Build.0 = Debug|Any CPU
		{67FAFFE7-9F57-442A-8A83-D85DC8FE97A0}.Release|Any CPU.ActiveCfg = Release|Any CPU
		{67FAFFE7-9F57-442A-8A83-D85DC8FE97A0}.Release|Any CPU.Build.0 = Release|Any CPU
		{01506385-3E7F-4791-9798-BAE054B010E3}.Debug|Any CPU.ActiveCfg = Debug|Any CPU
		{01506385-3E7F-4791-9798-BAE054B010E3}.Debug|Any CPU.Build.0 = Debug|Any CPU
		{01506385-3E7F-4791-9798-BAE054B010E3}.Release|Any CPU.ActiveCfg = Release|Any CPU
		{01506385-3E7F-4791-9798-BAE054B010E3}.Release|Any CPU.Build.0 = Release|Any CPU
		{712A00D2-374A-4D3F-BFED-65285283668E}.Debug|Any CPU.ActiveCfg = Debug|Any CPU
		{712A00D2-374A-4D3F-BFED-65285283668E}.Debug|Any CPU.Build.0 = Debug|Any CPU
		{712A00D2-374A-4D3F-BFED-65285283668E}.Release|Any CPU.ActiveCfg = Release|Any CPU
		{712A00D2-374A-4D3F-BFED-65285283668E}.Release|Any CPU.Build.0 = Release|Any CPU
	EndGlobalSection
EndGlobal
